// !$*UTF8*$!
{
	archiveVersion = 1;
	classes = {
	};
	objectVersion = 48;
	objects = {

/* Begin PBXBuildFile section */
		8A6E499C207401B100760A5C /* AppDelegate.m in Sources */ = {isa = PBXBuildFile; fileRef = 8A6E499B207401B100760A5C /* AppDelegate.m */; };
		8A6E499F207401B100760A5C /* ViewController.m in Sources */ = {isa = PBXBuildFile; fileRef = 8A6E499E207401B100760A5C /* ViewController.m */; };
		8A6E49A2207401B100760A5C /* Main.storyboard in Resources */ = {isa = PBXBuildFile; fileRef = 8A6E49A0207401B100760A5C /* Main.storyboard */; };
		8A6E49A4207401B100760A5C /* Assets.xcassets in Resources */ = {isa = PBXBuildFile; fileRef = 8A6E49A3207401B100760A5C /* Assets.xcassets */; };
		8A6E49A7207401B100760A5C /* LaunchScreen.storyboard in Resources */ = {isa = PBXBuildFile; fileRef = 8A6E49A5207401B100760A5C /* LaunchScreen.storyboard */; };
		8A6E49AA207401B100760A5C /* main.m in Sources */ = {isa = PBXBuildFile; fileRef = 8A6E49A9207401B100760A5C /* main.m */; };
		8A6E49B12074049700760A5C /* BRPtouchPrinterKit.framework in Frameworks */ = {isa = PBXBuildFile; fileRef = 8A6E49B02074049700760A5C /* BRPtouchPrinterKit.framework */; };
		8A6E49B3207404A300760A5C /* BRPtouchPrinterKitW.framework in Frameworks */ = {isa = PBXBuildFile; fileRef = 8A6E49B2207404A300760A5C /* BRPtouchPrinterKitW.framework */; };
		8A6E49B5207404BA00760A5C /* PrinterList.plist in Resources */ = {isa = PBXBuildFile; fileRef = 8A6E49B4207404B900760A5C /* PrinterList.plist */; };
		8A6E49B7207404CB00760A5C /* Settings in Resources */ = {isa = PBXBuildFile; fileRef = 8A6E49B6207404CB00760A5C /* Settings */; };
/* End PBXBuildFile section */

/* Begin PBXFileReference section */
		8A6E4997207401B100760A5C /* TestPrintV3.app */ = {isa = PBXFileReference; explicitFileType = wrapper.application; includeInIndex = 0; path = TestPrintV3.app; sourceTree = BUILT_PRODUCTS_DIR; };
		8A6E499A207401B100760A5C /* AppDelegate.h */ = {isa = PBXFileReference; lastKnownFileType = sourcecode.c.h; path = AppDelegate.h; sourceTree = "<group>"; };
		8A6E499B207401B100760A5C /* AppDelegate.m */ = {isa = PBXFileReference; lastKnownFileType = sourcecode.c.objc; path = AppDelegate.m; sourceTree = "<group>"; };
		8A6E499D207401B100760A5C /* ViewController.h */ = {isa = PBXFileReference; lastKnownFileType = sourcecode.c.h; path = ViewController.h; sourceTree = "<group>"; };
		8A6E499E207401B100760A5C /* ViewController.m */ = {isa = PBXFileReference; lastKnownFileType = sourcecode.c.objc; path = ViewController.m; sourceTree = "<group>"; };
		8A6E49A1207401B100760A5C /* Base */ = {isa = PBXFileReference; lastKnownFileType = file.storyboard; name = Base; path = Base.lproj/Main.storyboard; sourceTree = "<group>"; };
		8A6E49A3207401B100760A5C /* Assets.xcassets */ = {isa = PBXFileReference; lastKnownFileType = folder.assetcatalog; path = Assets.xcassets; sourceTree = "<group>"; };
		8A6E49A6207401B100760A5C /* Base */ = {isa = PBXFileReference; lastKnownFileType = file.storyboard; name = Base; path = Base.lproj/LaunchScreen.storyboard; sourceTree = "<group>"; };
		8A6E49A8207401B100760A5C /* Info.plist */ = {isa = PBXFileReference; lastKnownFileType = text.plist.xml; path = Info.plist; sourceTree = "<group>"; };
		8A6E49A9207401B100760A5C /* main.m */ = {isa = PBXFileReference; lastKnownFileType = sourcecode.c.objc; path = main.m; sourceTree = "<group>"; };
		8A6E49B02074049700760A5C /* BRPtouchPrinterKit.framework */ = {isa = PBXFileReference; lastKnownFileType = wrapper.framework; path = BRPtouchPrinterKit.framework; sourceTree = "<group>"; };
		8A6E49B2207404A300760A5C /* BRPtouchPrinterKitW.framework */ = {isa = PBXFileReference; lastKnownFileType = wrapper.framework; path = BRPtouchPrinterKitW.framework; sourceTree = "<group>"; };
		8A6E49B4207404B900760A5C /* PrinterList.plist */ = {isa = PBXFileReference; fileEncoding = 4; lastKnownFileType = text.plist.xml; path = PrinterList.plist; sourceTree = "<group>"; };
		8A6E49B6207404CB00760A5C /* Settings */ = {isa = PBXFileReference; lastKnownFileType = folder; path = Settings; sourceTree = "<group>"; };
		8A6E49B8207404E100760A5C /* UserDefaults.h */ = {isa = PBXFileReference; lastKnownFileType = sourcecode.c.h; path = UserDefaults.h; sourceTree = "<group>"; };
/* End PBXFileReference section */

/* Begin PBXFrameworksBuildPhase section */
		8A6E4994207401B100760A5C /* Frameworks */ = {
			isa = PBXFrameworksBuildPhase;
			buildActionMask = 2147483647;
			files = (
				8A6E49B12074049700760A5C /* BRPtouchPrinterKit.framework in Frameworks */,
				8A6E49B3207404A300760A5C /* BRPtouchPrinterKitW.framework in Frameworks */,
			);
			runOnlyForDeploymentPostprocessing = 0;
		};
/* End PBXFrameworksBuildPhase section */

/* Begin PBXGroup section */
		8A6E498E207401B100760A5C = {
			isa = PBXGroup;
			children = (
				8A6E4999207401B100760A5C /* TestPrintV3 */,
				8A6E4998207401B100760A5C /* Products */,
			);
			sourceTree = "<group>";
		};
		8A6E4998207401B100760A5C /* Products */ = {
			isa = PBXGroup;
			children = (
				8A6E4997207401B100760A5C /* TestPrintV3.app */,
			);
			name = Products;
			sourceTree = "<group>";
		};
		8A6E4999207401B100760A5C /* TestPrintV3 */ = {
			isa = PBXGroup;
			children = (
				8A6E499A207401B100760A5C /* AppDelegate.h */,
				8A6E499B207401B100760A5C /* AppDelegate.m */,
				8A6E49B8207404E100760A5C /* UserDefaults.h */,
				8A6E499D207401B100760A5C /* ViewController.h */,
				8A6E49B6207404CB00760A5C /* Settings */,
				8A6E499E207401B100760A5C /* ViewController.m */,
				8A6E49A0207401B100760A5C /* Main.storyboard */,
				8A6E49A3207401B100760A5C /* Assets.xcassets */,
				8A6E49A5207401B100760A5C /* LaunchScreen.storyboard */,
				8A6E49A8207401B100760A5C /* Info.plist */,
				8A6E49B4207404B900760A5C /* PrinterList.plist */,
				8A6E49B2207404A300760A5C /* BRPtouchPrinterKitW.framework */,
				8A6E49B02074049700760A5C /* BRPtouchPrinterKit.framework */,
				8A6E49A9207401B100760A5C /* main.m */,
			);
			path = TestPrintV3;
			sourceTree = "<group>";
		};
/* End PBXGroup section */

/* Begin PBXNativeTarget section */
		8A6E4996207401B100760A5C /* TestPrintV3 */ = {
			isa = PBXNativeTarget;
			buildConfigurationList = 8A6E49AD207401B100760A5C /* Build configuration list for PBXNativeTarget "TestPrintV3" */;
			buildPhases = (
				8A6E4993207401B100760A5C /* Sources */,
				8A6E4994207401B100760A5C /* Frameworks */,
				8A6E4995207401B100760A5C /* Resources */,
			);
			buildRules = (
			);
			dependencies = (
			);
			name = TestPrintV3;
			productName = TestPrintV3;
			productReference = 8A6E4997207401B100760A5C /* TestPrintV3.app */;
			productType = "com.apple.product-type.application";
		};
/* End PBXNativeTarget section */

/* Begin PBXProject section */
		8A6E498F207401B100760A5C /* Project object */ = {
			isa = PBXProject;
			attributes = {
				LastUpgradeCheck = 0920;
				ORGANIZATIONNAME = "Orionbelt.com LLC";
				TargetAttributes = {
					8A6E4996207401B100760A5C = {
						CreatedOnToolsVersion = 9.2;
						ProvisioningStyle = Automatic;
					};
				};
			};
			buildConfigurationList = 8A6E4992207401B100760A5C /* Build configuration list for PBXProject "TestPrintV3" */;
			compatibilityVersion = "Xcode 8.0";
			developmentRegion = en;
			hasScannedForEncodings = 0;
			knownRegions = (
				en,
				Base,
			);
			mainGroup = 8A6E498E207401B100760A5C;
			productRefGroup = 8A6E4998207401B100760A5C /* Products */;
			projectDirPath = "";
			projectRoot = "";
			targets = (
				8A6E4996207401B100760A5C /* TestPrintV3 */,
			);
		};
/* End PBXProject section */

/* Begin PBXResourcesBuildPhase section */
		8A6E4995207401B100760A5C /* Resources */ = {
			isa = PBXResourcesBuildPhase;
			buildActionMask = 2147483647;
			files = (
				8A6E49A7207401B100760A5C /* LaunchScreen.storyboard in Resources */,
				8A6E49B7207404CB00760A5C /* Settings in Resources */,
				8A6E49A4207401B100760A5C /* Assets.xcassets in Resources */,
				8A6E49A2207401B100760A5C /* Main.storyboard in Resources */,
				8A6E49B5207404BA00760A5C /* PrinterList.plist in Resources */,
			);
			runOnlyForDeploymentPostprocessing = 0;
		};
/* End PBXResourcesBuildPhase section */

/* Begin PBXSourcesBuildPhase section */
		8A6E4993207401B100760A5C /* Sources */ = {
			isa = PBXSourcesBuildPhase;
			buildActionMask = 2147483647;
			files = (
				8A6E499F207401B100760A5C /* ViewController.m in Sources */,
				8A6E49AA207401B100760A5C /* main.m in Sources */,
				8A6E499C207401B100760A5C /* AppDelegate.m in Sources */,
			);
			runOnlyForDeploymentPostprocessing = 0;
		};
/* End PBXSourcesBuildPhase section */

/* Begin PBXVariantGroup section */
		8A6E49A0207401B100760A5C /* Main.storyboard */ = {
			isa = PBXVariantGroup;
			children = (
				8A6E49A1207401B100760A5C /* Base */,
			);
			name = Main.storyboard;
			sourceTree = "<group>";
		};
		8A6E49A5207401B100760A5C /* LaunchScreen.storyboard */ = {
			isa = PBXVariantGroup;
			children = (
				8A6E49A6207401B100760A5C /* Base */,
			);
			name = LaunchScreen.storyboard;
			sourceTree = "<group>";
		};
/* End PBXVariantGroup section */

/* Begin XCBuildConfiguration section */
		8A6E49AB207401B100760A5C /* Debug */ = {
			isa = XCBuildConfiguration;
			buildSettings = {
				ALWAYS_SEARCH_USER_PATHS = NO;
				CLANG_ANALYZER_NONNULL = YES;
				CLANG_ANALYZER_NUMBER_OBJECT_CONVERSION = YES_AGGRESSIVE;
				CLANG_CXX_LANGUAGE_STANDARD = "gnu++14";
				CLANG_CXX_LIBRARY = "libc++";
				CLANG_ENABLE_MODULES = YES;
				CLANG_ENABLE_OBJC_ARC = YES;
				CLANG_WARN_BLOCK_CAPTURE_AUTORELEASING = YES;
				CLANG_WARN_BOOL_CONVERSION = YES;
				CLANG_WARN_COMMA = YES;
				CLANG_WARN_CONSTANT_CONVERSION = YES;
				CLANG_WARN_DIRECT_OBJC_ISA_USAGE = YES_ERROR;
				CLANG_WARN_DOCUMENTATION_COMMENTS = YES;
				CLANG_WARN_EMPTY_BODY = YES;
				CLANG_WARN_ENUM_CONVERSION = YES;
				CLANG_WARN_INFINITE_RECURSION = YES;
				CLANG_WARN_INT_CONVERSION = YES;
				CLANG_WARN_NON_LITERAL_NULL_CONVERSION = YES;
				CLANG_WARN_OBJC_LITERAL_CONVERSION = YES;
				CLANG_WARN_OBJC_ROOT_CLASS = YES_ERROR;
				CLANG_WARN_RANGE_LOOP_ANALYSIS = YES;
				CLANG_WARN_STRICT_PROTOTYPES = YES;
				CLANG_WARN_SUSPICIOUS_MOVE = YES;
				CLANG_WARN_UNGUARDED_AVAILABILITY = YES_AGGRESSIVE;
				CLANG_WARN_UNREACHABLE_CODE = YES;
				CLANG_WARN__DUPLICATE_METHOD_MATCH = YES;
				CODE_SIGN_IDENTITY = "iPhone Developer";
				COPY_PHASE_STRIP = NO;
				DEBUG_INFORMATION_FORMAT = dwarf;
				ENABLE_STRICT_OBJC_MSGSEND = YES;
				ENABLE_TESTABILITY = YES;
				GCC_C_LANGUAGE_STANDARD = gnu11;
				GCC_DYNAMIC_NO_PIC = NO;
				GCC_NO_COMMON_BLOCKS = YES;
				GCC_OPTIMIZATION_LEVEL = 0;
				GCC_PREPROCESSOR_DEFINITIONS = (
					"DEBUG=1",
					"$(inherited)",
				);
				GCC_WARN_64_TO_32_BIT_CONVERSION = YES;
				GCC_WARN_ABOUT_RETURN_TYPE = YES_ERROR;
				GCC_WARN_UNDECLARED_SELECTOR = YES;
				GCC_WARN_UNINITIALIZED_AUTOS = YES_AGGRESSIVE;
				GCC_WARN_UNUSED_FUNCTION = YES;
				GCC_WARN_UNUSED_VARIABLE = YES;
				IPHONEOS_DEPLOYMENT_TARGET = 11.2;
				MTL_ENABLE_DEBUG_INFO = YES;
				ONLY_ACTIVE_ARCH = YES;
				SDKROOT = iphoneos;
			};
			name = Debug;
		};
		8A6E49AC207401B100760A5C /* Release */ = {
			isa = XCBuildConfiguration;
			buildSettings = {
				ALWAYS_SEARCH_USER_PATHS = NO;
				CLANG_ANALYZER_NONNULL = YES;
				CLANG_ANALYZER_NUMBER_OBJECT_CONVERSION = YES_AGGRESSIVE;
				CLANG_CXX_LANGUAGE_STANDARD = "gnu++14";
				CLANG_CXX_LIBRARY = "libc++";
				CLANG_ENABLE_MODULES = YES;
				CLANG_ENABLE_OBJC_ARC = YES;
				CLANG_WARN_BLOCK_CAPTURE_AUTORELEASING = YES;
				CLANG_WARN_BOOL_CONVERSION = YES;
				CLANG_WARN_COMMA = YES;
				CLANG_WARN_CONSTANT_CONVERSION = YES;
				CLANG_WARN_DIRECT_OBJC_ISA_USAGE = YES_ERROR;
				CLANG_WARN_DOCUMENTATION_COMMENTS = YES;
				CLANG_WARN_EMPTY_BODY = YES;
				CLANG_WARN_ENUM_CONVERSION = YES;
				CLANG_WARN_INFINITE_RECURSION = YES;
				CLANG_WARN_INT_CONVERSION = YES;
				CLANG_WARN_NON_LITERAL_NULL_CONVERSION = YES;
				CLANG_WARN_OBJC_LITERAL_CONVERSION = YES;
				CLANG_WARN_OBJC_ROOT_CLASS = YES_ERROR;
				CLANG_WARN_RANGE_LOOP_ANALYSIS = YES;
				CLANG_WARN_STRICT_PROTOTYPES = YES;
				CLANG_WARN_SUSPICIOUS_MOVE = YES;
				CLANG_WARN_UNGUARDED_AVAILABILITY = YES_AGGRESSIVE;
				CLANG_WARN_UNREACHABLE_CODE = YES;
				CLANG_WARN__DUPLICATE_METHOD_MATCH = YES;
				CODE_SIGN_IDENTITY = "iPhone Developer";
				COPY_PHASE_STRIP = NO;
				DEBUG_INFORMATION_FORMAT = "dwarf-with-dsym";
				ENABLE_NS_ASSERTIONS = NO;
				ENABLE_STRICT_OBJC_MSGSEND = YES;
				GCC_C_LANGUAGE_STANDARD = gnu11;
				GCC_NO_COMMON_BLOCKS = YES;
				GCC_WARN_64_TO_32_BIT_CONVERSION = YES;
				GCC_WARN_ABOUT_RETURN_TYPE = YES_ERROR;
				GCC_WARN_UNDECLARED_SELECTOR = YES;
				GCC_WARN_UNINITIALIZED_AUTOS = YES_AGGRESSIVE;
				GCC_WARN_UNUSED_FUNCTION = YES;
				GCC_WARN_UNUSED_VARIABLE = YES;
				IPHONEOS_DEPLOYMENT_TARGET = 11.2;
				MTL_ENABLE_DEBUG_INFO = NO;
				SDKROOT = iphoneos;
				VALIDATE_PRODUCT = YES;
			};
			name = Release;
		};
		8A6E49AE207401B100760A5C /* Debug */ = {
			isa = XCBuildConfiguration;
			buildSettings = {
				ASSETCATALOG_COMPILER_APPICON_NAME = AppIcon;
				CODE_SIGN_STYLE = Automatic;
				FRAMEWORK_SEARCH_PATHS = (
					"$(inherited)",
					"$(PROJECT_DIR)/TestPrintV3",
				);
				INFOPLIST_FILE = TestPrintV3/Info.plist;
				LD_RUNPATH_SEARCH_PATHS = "$(inherited) @executable_path/Frameworks";
				PRODUCT_BUNDLE_IDENTIFIER = com.orionbelt.TestPrintV3;
				PRODUCT_NAME = "$(TARGET_NAME)";
				TARGETED_DEVICE_FAMILY = "1,2";
			};
			name = Debug;
		};
		8A6E49AF207401B100760A5C /* Release */ = {
			isa = XCBuildConfiguration;
			buildSettings = {
				ASSETCATALOG_COMPILER_APPICON_NAME = AppIcon;
				CODE_SIGN_STYLE = Automatic;
				FRAMEWORK_SEARCH_PATHS = (
					"$(inherited)",
					"$(PROJECT_DIR)/TestPrintV3",
				);
				INFOPLIST_FILE = TestPrintV3/Info.plist;
				LD_RUNPATH_SEARCH_PATHS = "$(inherited) @executable_path/Frameworks";
				PRODUCT_BUNDLE_IDENTIFIER = com.orionbelt.TestPrintV3;
				PRODUCT_NAME = "$(TARGET_NAME)";
				TARGETED_DEVICE_FAMILY = "1,2";
			};
			name = Release;
		};
/* End XCBuildConfiguration section */

/* Begin XCConfigurationList section */
		8A6E4992207401B100760A5C /* Build configuration list for PBXProject "TestPrintV3" */ = {
			isa = XCConfigurationList;
			buildConfigurations = (
				8A6E49AB207401B100760A5C /* Debug */,
				8A6E49AC207401B100760A5C /* Release */,
			);
			defaultConfigurationIsVisible = 0;
			defaultConfigurationName = Release;
		};
		8A6E49AD207401B100760A5C /* Build configuration list for PBXNativeTarget "TestPrintV3" */ = {
			isa = XCConfigurationList;
			buildConfigurations = (
				8A6E49AE207401B100760A5C /* Debug */,
				8A6E49AF207401B100760A5C /* Release */,
			);
			defaultConfigurationIsVisible = 0;
			defaultConfigurationName = Release;
		};
/* End XCConfigurationList section */
	};
	rootObject = 8A6E498F207401B100760A5C /* Project object */;
}
